
Microsoft Visual Studio Solution File, Format Version 12.00
# Visual Studio 15
VisualStudioVersion = 15.0.27004.2008
MinimumVisualStudioVersion = 10.0.40219.1
Project("{FAE04EC0-301F-11D3-BF4B-00C04F79EFBC}") = "AdventOfCode2017", "AdventOfCode2017\AdventOfCode2017.csproj", "{806C065A-BD6F-4643-966A-4D4B166AEE38}"
EndProject
Global
	GlobalSection(SolutionConfigurationPlatforms) = preSolution
		Debug|Any CPU = Debug|Any CPU
		Release|Any CPU = Release|Any CPU
	EndGlobalSection
	GlobalSection(ProjectConfigurationPlatforms) = postSolution
		{806C065A-BD6F-4643-966A-4D4B166AEE38}.Debug|Any CPU.ActiveCfg = Debug|Any CPU
		{806C065A-BD6F-4643-966A-4D4B166AEE38}.Debug|Any CPU.Build.0 = Debug|Any CPU
		{806C065A-BD6F-4643-966A-4D4B166AEE38}.Release|Any CPU.ActiveCfg = Release|Any CPU
		{806C065A-BD6F-4643-966A-4D4B166AEE38}.Release|Any CPU.Build.0 = Release|Any CPU
	EndGlobalSection
	GlobalSection(SolutionProperties) = preSolution
		HideSolutionNode = FALSE
	EndGlobalSection
	GlobalSection(ExtensibilityGlobals) = postSolution
		SolutionGuid = {8955CECF-37D2-4C06-BB11-35772532D57F}
	EndGlobalSection
EndGlobal
